
Microsoft Visual Studio Solution File, Format Version 9.00
# Visual Studio 2005
Project("{E24C65DC-7377-472B-9ABA-BC803B73C61A}") = "E:\...\QUICK INFO\", ".", "{AEA0E303-25EF-45E0-9C2D-362116BCC23B}"
	ProjectSection(WebsiteProperties) = preProject
		Debug.AspNetCompiler.VirtualPath = "/Applicaion-cheque"
		Debug.AspNetCompiler.PhysicalPath = "E:\PROJECTS\CALL CENTER\Applicaion-cheque\"
		Debug.AspNetCompiler.TargetPath = "PrecompiledWeb\Applicaion-cheque\"
		Debug.AspNetCompiler.Updateable = "true"
		Debug.AspNetCompiler.ForceOverwrite = "true"
		Debug.AspNetCompiler.FixedNames = "false"
		Debug.AspNetCompiler.Debug = "True"
		Release.AspNetCompiler.VirtualPath = "/Applicaion-cheque"
		Release.AspNetCompiler.PhysicalPath = "E:\PROJECTS\CALL CENTER\Applicaion-cheque\"
		Release.AspNetCompiler.TargetPath = "PrecompiledWeb\Applicaion-cheque\"
		Release.AspNetCompiler.Updateable = "true"
		Release.AspNetCompiler.ForceOverwrite = "true"
		Release.AspNetCompiler.FixedNames = "false"
		Release.AspNetCompiler.Debug = "False"
		VWDPort = "38430"
	EndProjectSection
EndProject
Global
	GlobalSection(SolutionConfigurationPlatforms) = preSolution
		Debug|.NET = Debug|.NET
	EndGlobalSection
	GlobalSection(ProjectConfigurationPlatforms) = postSolution
		{AEA0E303-25EF-45E0-9C2D-362116BCC23B}.Debug|.NET.ActiveCfg = Debug|.NET
		{AEA0E303-25EF-45E0-9C2D-362116BCC23B}.Debug|.NET.Build.0 = Debug|.NET
	EndGlobalSection
	GlobalSection(SolutionProperties) = preSolution
		HideSolutionNode = FALSE
	EndGlobalSection
EndGlobal
